
Microsoft Visual Studio Solution File, Format Version 12.00
# Visual Studio Version 17
VisualStudioVersion = 17.6.33815.320
MinimumVisualStudioVersion = 10.0.40219.1
Project("{FAE04EC0-301F-11D3-BF4B-00C04F79EFBC}") = "AnNaHomeStay", "AnNaHomeStay\AnNaHomeStay.csproj", "{A345C497-A98D-4C91-BD9E-98D5D3256195}"
EndProject
Global
	GlobalSection(SolutionConfigurationPlatforms) = preSolution
		Debug|Any CPU = Debug|Any CPU
		Release|Any CPU = Release|Any CPU
	EndGlobalSection
	GlobalSection(ProjectConfigurationPlatforms) = postSolution
		{A345C497-A98D-4C91-BD9E-98D5D3256195}.Debug|Any CPU.ActiveCfg = Debug|Any CPU
		{A345C497-A98D-4C91-BD9E-98D5D3256195}.Debug|Any CPU.Build.0 = Debug|Any CPU
		{A345C497-A98D-4C91-BD9E-98D5D3256195}.Release|Any CPU.ActiveCfg = Release|Any CPU
		{A345C497-A98D-4C91-BD9E-98D5D3256195}.Release|Any CPU.Build.0 = Release|Any CPU
	EndGlobalSection
	GlobalSection(SolutionProperties) = preSolution
		HideSolutionNode = FALSE
	EndGlobalSection
	GlobalSection(ExtensibilityGlobals) = postSolution
		SolutionGuid = {74522A27-DC6A-4F73-BFA0-9D91C7C5BFF6}
	EndGlobalSection
EndGlobal
